
Microsoft Visual Studio Solution File, Format Version 12.00
# Visual Studio Version 17
VisualStudioVersion = 17.9.34728.123
MinimumVisualStudioVersion = 10.0.40219.1
Project("{FAE04EC0-301F-11D3-BF4B-00C04F79EFBC}") = "portfolio-project", "portfolio-project\portfolio-project.csproj", "{C629B10D-A5E6-4C91-A6A4-7C7EA606573E}"
EndProject
Global
	GlobalSection(SolutionConfigurationPlatforms) = preSolution
		Debug|Any CPU = Debug|Any CPU
		Release|Any CPU = Release|Any CPU
	EndGlobalSection
	GlobalSection(ProjectConfigurationPlatforms) = postSolution
		{C629B10D-A5E6-4C91-A6A4-7C7EA606573E}.Debug|Any CPU.ActiveCfg = Debug|Any CPU
		{C629B10D-A5E6-4C91-A6A4-7C7EA606573E}.Debug|Any CPU.Build.0 = Debug|Any CPU
		{C629B10D-A5E6-4C91-A6A4-7C7EA606573E}.Release|Any CPU.ActiveCfg = Release|Any CPU
		{C629B10D-A5E6-4C91-A6A4-7C7EA606573E}.Release|Any CPU.Build.0 = Release|Any CPU
	EndGlobalSection
	GlobalSection(SolutionProperties) = preSolution
		HideSolutionNode = FALSE
	EndGlobalSection
	GlobalSection(ExtensibilityGlobals) = postSolution
		SolutionGuid = {11356966-DD0A-4FE2-AF77-BB0B8D79E67B}
	EndGlobalSection
EndGlobal
